
Microsoft Visual Studio Solution File, Format Version 12.00
# Visual Studio 15
VisualStudioVersion = 15.0.27428.2043
MinimumVisualStudioVersion = 10.0.40219.1
Project("{FAE04EC0-301F-11D3-BF4B-00C04F79EFBC}") = "Tracer", "Tracer\Tracer.csproj", "{0E8EEDEC-F7D3-480D-935F-B7EFB0FC7E5C}"
EndProject
Global
	GlobalSection(SolutionConfigurationPlatforms) = preSolution
		Debug|Any CPU = Debug|Any CPU
		Release|Any CPU = Release|Any CPU
	EndGlobalSection
	GlobalSection(ProjectConfigurationPlatforms) = postSolution
		{0E8EEDEC-F7D3-480D-935F-B7EFB0FC7E5C}.Debug|Any CPU.ActiveCfg = Debug|Any CPU
		{0E8EEDEC-F7D3-480D-935F-B7EFB0FC7E5C}.Debug|Any CPU.Build.0 = Debug|Any CPU
		{0E8EEDEC-F7D3-480D-935F-B7EFB0FC7E5C}.Release|Any CPU.ActiveCfg = Release|Any CPU
		{0E8EEDEC-F7D3-480D-935F-B7EFB0FC7E5C}.Release|Any CPU.Build.0 = Release|Any CPU
	EndGlobalSection
	GlobalSection(SolutionProperties) = preSolution
		HideSolutionNode = FALSE
	EndGlobalSection
	GlobalSection(ExtensibilityGlobals) = postSolution
		SolutionGuid = {BB2B0E73-CDD2-4FD9-AB02-D77366465B50}
	EndGlobalSection
EndGlobal
